
Microsoft Visual Studio Solution File, Format Version 12.00
# Visual Studio Version 17
VisualStudioVersion = 17.5.33424.131
MinimumVisualStudioVersion = 10.0.40219.1
Project("{2150E333-8FDC-42A3-9474-1A3956D46DE8}") = "src", "src", "{10B9653C-30E5-450A-B26A-9294B3239A02}"
EndProject
Project("{2150E333-8FDC-42A3-9474-1A3956D46DE8}") = "Building Blocks", "Building Blocks", "{26955771-33ED-4145-80C7-547DE54742B8}"
EndProject
Project("{2150E333-8FDC-42A3-9474-1A3956D46DE8}") = "Core", "Core", "{659BC717-2149-4F74-9864-7409EE5D2D78}"
EndProject
Project("{2150E333-8FDC-42A3-9474-1A3956D46DE8}") = "MessageBus", "MessageBus", "{61D192B2-650D-4FC1-B4DE-728C7CFE00F7}"
EndProject
Project("{FAE04EC0-301F-11D3-BF4B-00C04F79EFBC}") = "PF.Core", "src\building blocks\PF.Core\PF.Core.csproj", "{488071B3-E0A7-4E38-94F6-EC991A87F3B7}"
EndProject
Project("{FAE04EC0-301F-11D3-BF4B-00C04F79EFBC}") = "PF.MessageBus", "src\building blocks\PF.MessageBus\PF.MessageBus.csproj", "{781F0D63-4D8D-4459-9D22-3655C55CC54A}"
EndProject
Project("{2150E333-8FDC-42A3-9474-1A3956D46DE8}") = "Services", "Services", "{50184E9D-1F7B-4E5B-9F5F-E72EC39C92A9}"
EndProject
Project("{2150E333-8FDC-42A3-9474-1A3956D46DE8}") = "Estabelecimento", "Estabelecimento", "{EE4EBEC3-0801-4EE1-8EBF-1421BBE7E499}"
EndProject
Project("{FAE04EC0-301F-11D3-BF4B-00C04F79EFBC}") = "PF.Estabelecimento.API", "src\services\PF.Estabelecimento.API\PF.Estabelecimento.API.csproj", "{FFE4F3EB-C9AC-4EA6-981D-0BE778B4BFF6}"
EndProject
Project("{2150E333-8FDC-42A3-9474-1A3956D46DE8}") = "Reserva", "Reserva", "{B4AB550C-EE02-4EB2-AF49-997A0E6D7D23}"
EndProject
Project("{FAE04EC0-301F-11D3-BF4B-00C04F79EFBC}") = "PF.Reserva.API", "src\services\PF.Reserva.API\PF.Reserva.API.csproj", "{7932DC06-0033-43CD-BC67-09FCADB6C3B0}"
EndProject
Global
	GlobalSection(SolutionConfigurationPlatforms) = preSolution
		Debug|Any CPU = Debug|Any CPU
		Release|Any CPU = Release|Any CPU
	EndGlobalSection
	GlobalSection(ProjectConfigurationPlatforms) = postSolution
		{488071B3-E0A7-4E38-94F6-EC991A87F3B7}.Debug|Any CPU.ActiveCfg = Debug|Any CPU
		{488071B3-E0A7-4E38-94F6-EC991A87F3B7}.Debug|Any CPU.Build.0 = Debug|Any CPU
		{488071B3-E0A7-4E38-94F6-EC991A87F3B7}.Release|Any CPU.ActiveCfg = Release|Any CPU
		{488071B3-E0A7-4E38-94F6-EC991A87F3B7}.Release|Any CPU.Build.0 = Release|Any CPU
		{781F0D63-4D8D-4459-9D22-3655C55CC54A}.Debug|Any CPU.ActiveCfg = Debug|Any CPU
		{781F0D63-4D8D-4459-9D22-3655C55CC54A}.Debug|Any CPU.Build.0 = Debug|Any CPU
		{781F0D63-4D8D-4459-9D22-3655C55CC54A}.Release|Any CPU.ActiveCfg = Release|Any CPU
		{781F0D63-4D8D-4459-9D22-3655C55CC54A}.Release|Any CPU.Build.0 = Release|Any CPU
		{FFE4F3EB-C9AC-4EA6-981D-0BE778B4BFF6}.Debug|Any CPU.ActiveCfg = Debug|Any CPU
		{FFE4F3EB-C9AC-4EA6-981D-0BE778B4BFF6}.Debug|Any CPU.Build.0 = Debug|Any CPU
		{FFE4F3EB-C9AC-4EA6-981D-0BE778B4BFF6}.Release|Any CPU.ActiveCfg = Release|Any CPU
		{FFE4F3EB-C9AC-4EA6-981D-0BE778B4BFF6}.Release|Any CPU.Build.0 = Release|Any CPU
		{7932DC06-0033-43CD-BC67-09FCADB6C3B0}.Debug|Any CPU.ActiveCfg = Debug|Any CPU
		{7932DC06-0033-43CD-BC67-09FCADB6C3B0}.Debug|Any CPU.Build.0 = Debug|Any CPU
		{7932DC06-0033-43CD-BC67-09FCADB6C3B0}.Release|Any CPU.ActiveCfg = Release|Any CPU
		{7932DC06-0033-43CD-BC67-09FCADB6C3B0}.Release|Any CPU.Build.0 = Release|Any CPU
	EndGlobalSection
	GlobalSection(SolutionProperties) = preSolution
		HideSolutionNode = FALSE
	EndGlobalSection
	GlobalSection(NestedProjects) = preSolution
		{26955771-33ED-4145-80C7-547DE54742B8} = {10B9653C-30E5-450A-B26A-9294B3239A02}
		{659BC717-2149-4F74-9864-7409EE5D2D78} = {26955771-33ED-4145-80C7-547DE54742B8}
		{61D192B2-650D-4FC1-B4DE-728C7CFE00F7} = {26955771-33ED-4145-80C7-547DE54742B8}
		{488071B3-E0A7-4E38-94F6-EC991A87F3B7} = {659BC717-2149-4F74-9864-7409EE5D2D78}
		{781F0D63-4D8D-4459-9D22-3655C55CC54A} = {61D192B2-650D-4FC1-B4DE-728C7CFE00F7}
		{50184E9D-1F7B-4E5B-9F5F-E72EC39C92A9} = {10B9653C-30E5-450A-B26A-9294B3239A02}
		{EE4EBEC3-0801-4EE1-8EBF-1421BBE7E499} = {50184E9D-1F7B-4E5B-9F5F-E72EC39C92A9}
		{FFE4F3EB-C9AC-4EA6-981D-0BE778B4BFF6} = {EE4EBEC3-0801-4EE1-8EBF-1421BBE7E499}
		{B4AB550C-EE02-4EB2-AF49-997A0E6D7D23} = {50184E9D-1F7B-4E5B-9F5F-E72EC39C92A9}
		{7932DC06-0033-43CD-BC67-09FCADB6C3B0} = {B4AB550C-EE02-4EB2-AF49-997A0E6D7D23}
	EndGlobalSection
	GlobalSection(ExtensibilityGlobals) = postSolution
		SolutionGuid = {BBF1E15A-0F30-491B-B87F-A7A68E5DDC97}
	EndGlobalSection
EndGlobal
